
Microsoft Visual Studio Solution File, Format Version 12.00
Project("{FAE04EC0-301F-11D3-BF4B-00C04F79EFBC}") = "Sample.Library", "src\Sample.Library\Sample.Library.csproj", "{7C752F3D-17EC-4116-BC91-DD2482481B5B}"
EndProject
Project("{FAE04EC0-301F-11D3-BF4B-00C04F79EFBC}") = "Sample.Runner", "src\Sample.Runner\Sample.Runner.csproj", "{3BB1D26B-5A27-415D-B4C9-B73E5F150B1D}"
EndProject
Project("{FAE04EC0-301F-11D3-BF4B-00C04F79EFBC}") = "Sample.Tests", "src\Sample.Tests\Sample.Tests.csproj", "{C735EF79-4BFD-40A9-B0C5-0F719887BCE0}"
EndProject
Global
	GlobalSection(SolutionConfigurationPlatforms) = preSolution
		Debug|Any CPU = Debug|Any CPU
		Release|Any CPU = Release|Any CPU
	EndGlobalSection
	GlobalSection(ProjectConfigurationPlatforms) = postSolution
		{7C752F3D-17EC-4116-BC91-DD2482481B5B}.Debug|Any CPU.ActiveCfg = Debug|Any CPU
		{7C752F3D-17EC-4116-BC91-DD2482481B5B}.Debug|Any CPU.Build.0 = Debug|Any CPU
		{7C752F3D-17EC-4116-BC91-DD2482481B5B}.Release|Any CPU.ActiveCfg = Release|Any CPU
		{7C752F3D-17EC-4116-BC91-DD2482481B5B}.Release|Any CPU.Build.0 = Release|Any CPU
		{3BB1D26B-5A27-415D-B4C9-B73E5F150B1D}.Debug|Any CPU.ActiveCfg = Debug|Any CPU
		{3BB1D26B-5A27-415D-B4C9-B73E5F150B1D}.Debug|Any CPU.Build.0 = Debug|Any CPU
		{3BB1D26B-5A27-415D-B4C9-B73E5F150B1D}.Release|Any CPU.ActiveCfg = Release|Any CPU
		{3BB1D26B-5A27-415D-B4C9-B73E5F150B1D}.Release|Any CPU.Build.0 = Release|Any CPU
		{C735EF79-4BFD-40A9-B0C5-0F719887BCE0}.Debug|Any CPU.ActiveCfg = Debug|Any CPU
		{C735EF79-4BFD-40A9-B0C5-0F719887BCE0}.Debug|Any CPU.Build.0 = Debug|Any CPU
		{C735EF79-4BFD-40A9-B0C5-0F719887BCE0}.Release|Any CPU.ActiveCfg = Release|Any CPU
		{C735EF79-4BFD-40A9-B0C5-0F719887BCE0}.Release|Any CPU.Build.0 = Release|Any CPU
	EndGlobalSection
EndGlobal
